
Microsoft Visual Studio Solution File, Format Version 12.00
# Visual Studio Version 16
VisualStudioVersion = 16.0.34601.136
MinimumVisualStudioVersion = 10.0.40219.1
Project("{FAE04EC0-301F-11D3-BF4B-00C04F79EFBC}") = "WebAppLocal", "WebAppLocal\WebAppLocal.csproj", "{CA71D420-98EA-4B69-908D-69E3351ED689}"
EndProject
Global
	GlobalSection(SolutionConfigurationPlatforms) = preSolution
		Debug|Any CPU = Debug|Any CPU
		Release|Any CPU = Release|Any CPU
	EndGlobalSection
	GlobalSection(ProjectConfigurationPlatforms) = postSolution
		{CA71D420-98EA-4B69-908D-69E3351ED689}.Debug|Any CPU.ActiveCfg = Debug|Any CPU
		{CA71D420-98EA-4B69-908D-69E3351ED689}.Debug|Any CPU.Build.0 = Debug|Any CPU
		{CA71D420-98EA-4B69-908D-69E3351ED689}.Release|Any CPU.ActiveCfg = Release|Any CPU
		{CA71D420-98EA-4B69-908D-69E3351ED689}.Release|Any CPU.Build.0 = Release|Any CPU
	EndGlobalSection
	GlobalSection(SolutionProperties) = preSolution
		HideSolutionNode = FALSE
	EndGlobalSection
	GlobalSection(ExtensibilityGlobals) = postSolution
		SolutionGuid = {8C689B75-4874-439D-A824-58A70BEDD2E8}
	EndGlobalSection
EndGlobal
